
Microsoft Visual Studio Solution File, Format Version 12.00
# Visual Studio Version 17
VisualStudioVersion = 17.11.35026.312
MinimumVisualStudioVersion = 10.0.40219.1
Project("{FAE04EC0-301F-11D3-BF4B-00C04F79EFBC}") = "ConsoleApp18", "ConsoleApp18\ConsoleApp18.csproj", "{FC2CE20C-EEEA-4959-8996-725C7F7204A8}"
EndProject
Global
	GlobalSection(SolutionConfigurationPlatforms) = preSolution
		Debug|Any CPU = Debug|Any CPU
		Release|Any CPU = Release|Any CPU
	EndGlobalSection
	GlobalSection(ProjectConfigurationPlatforms) = postSolution
		{FC2CE20C-EEEA-4959-8996-725C7F7204A8}.Debug|Any CPU.ActiveCfg = Debug|Any CPU
		{FC2CE20C-EEEA-4959-8996-725C7F7204A8}.Debug|Any CPU.Build.0 = Debug|Any CPU
		{FC2CE20C-EEEA-4959-8996-725C7F7204A8}.Release|Any CPU.ActiveCfg = Release|Any CPU
		{FC2CE20C-EEEA-4959-8996-725C7F7204A8}.Release|Any CPU.Build.0 = Release|Any CPU
	EndGlobalSection
	GlobalSection(SolutionProperties) = preSolution
		HideSolutionNode = FALSE
	EndGlobalSection
	GlobalSection(ExtensibilityGlobals) = postSolution
		SolutionGuid = {6574C640-3800-4DCB-89CB-6F2CCA8DB4BC}
	EndGlobalSection
EndGlobal
